{
  "name": "frontend",
  "lockfileVersion": 2,
  "requires": true,
  "packages": {
    "": {
      "dependencies": {
        "route": "^0.2.5"
      }
    },
    "node_modules/route": {
      "version": "0.2.5",
      "resolved": "https://registry.npmjs.org/route/-/route-0.2.5.tgz",
      "integrity": "sha512-B88LDMAwyFpIY54KKnyQknA+pTvNsBUK/tMaMHCmny8IB54/bLvtQAaSDrzYyAUgrWGHkwhXoRwoceKZa1PItQ=="
    }
  },
  "dependencies": {
    "route": {
      "version": "0.2.5",
      "resolved": "https://registry.npmjs.org/route/-/route-0.2.5.tgz",
      "integrity": "sha512-B88LDMAwyFpIY54KKnyQknA+pTvNsBUK/tMaMHCmny8IB54/bLvtQAaSDrzYyAUgrWGHkwhXoRwoceKZa1PItQ=="
    }
  }
}
